
Microsoft Visual Studio Solution File, Format Version 12.00
# Visual Studio Version 16
VisualStudioVersion = 16.0.30517.126
MinimumVisualStudioVersion = 10.0.40219.1
Project("{FAE04EC0-301F-11D3-BF4B-00C04F79EFBC}") = "RegistroPrestamos", "RegistroPrestamos\RegistroPrestamos.csproj", "{47584A1F-9CFD-4D57-AAD1-6000BF37826D}"
EndProject
Global
	GlobalSection(SolutionConfigurationPlatforms) = preSolution
		Debug|Any CPU = Debug|Any CPU
		Release|Any CPU = Release|Any CPU
	EndGlobalSection
	GlobalSection(ProjectConfigurationPlatforms) = postSolution
		{47584A1F-9CFD-4D57-AAD1-6000BF37826D}.Debug|Any CPU.ActiveCfg = Debug|Any CPU
		{47584A1F-9CFD-4D57-AAD1-6000BF37826D}.Debug|Any CPU.Build.0 = Debug|Any CPU
		{47584A1F-9CFD-4D57-AAD1-6000BF37826D}.Release|Any CPU.ActiveCfg = Release|Any CPU
		{47584A1F-9CFD-4D57-AAD1-6000BF37826D}.Release|Any CPU.Build.0 = Release|Any CPU
	EndGlobalSection
	GlobalSection(SolutionProperties) = preSolution
		HideSolutionNode = FALSE
	EndGlobalSection
	GlobalSection(ExtensibilityGlobals) = postSolution
		SolutionGuid = {227052C4-ABCD-4B0E-B99C-F71FE0B30E4F}
	EndGlobalSection
EndGlobal
